// !$*UTF8*$!
{
	archiveVersion = 1;
	classes = {
	};
	objectVersion = 46;
	objects = {

/* Begin PBXBuildFile section */
		117D443B241E82D300A49F65 /* ArtistTests.m in Sources */ = {isa = PBXBuildFile; fileRef = 117D443A241E82D300A49F65 /* ArtistTests.m */; };
		119BCBF72411B17F00B33A80 /* MusicListViewController.m in Sources */ = {isa = PBXBuildFile; fileRef = 119BCBF62411B17F00B33A80 /* MusicListViewController.m */; };
		119BCC0224131E1600B33A80 /* MainStoryboard.storyboard in Resources */ = {isa = PBXBuildFile; fileRef = 119BCC0124131E1600B33A80 /* MainStoryboard.storyboard */; };
		119BCC072413330F00B33A80 /* MusicListCell.m in Sources */ = {isa = PBXBuildFile; fileRef = 119BCC062413330F00B33A80 /* MusicListCell.m */; };
		119BCC0C2413FE4D00B33A80 /* UIView+Geometry.m in Sources */ = {isa = PBXBuildFile; fileRef = 119BCC0A2413FE4D00B33A80 /* UIView+Geometry.m */; };
		119BCC102414251000B33A80 /* AlbumDetailsViewController.m in Sources */ = {isa = PBXBuildFile; fileRef = 119BCC0F2414251000B33A80 /* AlbumDetailsViewController.m */; };
		119BCC162417A18B00B33A80 /* SearchArtistsViewController.m in Sources */ = {isa = PBXBuildFile; fileRef = 119BCC122417A18B00B33A80 /* SearchArtistsViewController.m */; };
		119BCC182417A18B00B33A80 /* BrowseAlbumsViewController.m in Sources */ = {isa = PBXBuildFile; fileRef = 119BCC142417A18B00B33A80 /* BrowseAlbumsViewController.m */; };
		119BCC1B2417A1BB00B33A80 /* trivium.jpg in Resources */ = {isa = PBXBuildFile; fileRef = 119BCC1A2417A1BB00B33A80 /* trivium.jpg */; };
		119BCC20241A4F6A00B33A80 /* MusicStoreService.m in Sources */ = {isa = PBXBuildFile; fileRef = 119BCC1F241A4F6900B33A80 /* MusicStoreService.m */; };
		119BCC26241A542000B33A80 /* NSDictionary+DateAdditions.m in Sources */ = {isa = PBXBuildFile; fileRef = 119BCC23241A542000B33A80 /* NSDictionary+DateAdditions.m */; };
		119BCC28241A542000B33A80 /* NSString+Additions.m in Sources */ = {isa = PBXBuildFile; fileRef = 119BCC25241A542000B33A80 /* NSString+Additions.m */; };
		119BCC2C241A909100B33A80 /* HTTPGetRequest.m in Sources */ = {isa = PBXBuildFile; fileRef = 119BCC2B241A909100B33A80 /* HTTPGetRequest.m */; };
		119BCC44241BE3D100B33A80 /* AFImageRequestOperation.m in Sources */ = {isa = PBXBuildFile; fileRef = 119BCC31241BE3D100B33A80 /* AFImageRequestOperation.m */; settings = {COMPILER_FLAGS = "-fno-objc-arc"; }; };
		119BCC45241BE3D100B33A80 /* AFPropertyListRequestOperation.m in Sources */ = {isa = PBXBuildFile; fileRef = 119BCC32241BE3D100B33A80 /* AFPropertyListRequestOperation.m */; settings = {COMPILER_FLAGS = "-fno-objc-arc"; }; };
		119BCC46241BE3D100B33A80 /* AFJSONUtilities.m in Sources */ = {isa = PBXBuildFile; fileRef = 119BCC33241BE3D100B33A80 /* AFJSONUtilities.m */; settings = {COMPILER_FLAGS = "-fno-objc-arc"; }; };
		119BCC47241BE3D100B33A80 /* AFHTTPClient.m in Sources */ = {isa = PBXBuildFile; fileRef = 119BCC35241BE3D100B33A80 /* AFHTTPClient.m */; settings = {COMPILER_FLAGS = "-fno-objc-arc"; }; };
		119BCC48241BE3D100B33A80 /* AFNetworkActivityIndicatorManager.m in Sources */ = {isa = PBXBuildFile; fileRef = 119BCC37241BE3D100B33A80 /* AFNetworkActivityIndicatorManager.m */; settings = {COMPILER_FLAGS = "-fno-objc-arc"; }; };
		119BCC49241BE3D100B33A80 /* AFURLConnectionOperation.m in Sources */ = {isa = PBXBuildFile; fileRef = 119BCC39241BE3D100B33A80 /* AFURLConnectionOperation.m */; settings = {COMPILER_FLAGS = "-fno-objc-arc"; }; };
		119BCC4A241BE3D100B33A80 /* AFHTTPRequestOperation.m in Sources */ = {isa = PBXBuildFile; fileRef = 119BCC3A241BE3D100B33A80 /* AFHTTPRequestOperation.m */; settings = {COMPILER_FLAGS = "-fno-objc-arc"; }; };
		119BCC4B241BE3D100B33A80 /* UIImageView+AFNetworking.m in Sources */ = {isa = PBXBuildFile; fileRef = 119BCC3E241BE3D100B33A80 /* UIImageView+AFNetworking.m */; settings = {COMPILER_FLAGS = "-fno-objc-arc"; }; };
		119BCC4C241BE3D100B33A80 /* AFXMLRequestOperation.m in Sources */ = {isa = PBXBuildFile; fileRef = 119BCC40241BE3D100B33A80 /* AFXMLRequestOperation.m */; settings = {COMPILER_FLAGS = "-fno-objc-arc"; }; };
		119BCC4D241BE3D100B33A80 /* AFJSONRequestOperation.m in Sources */ = {isa = PBXBuildFile; fileRef = 119BCC42241BE3D100B33A80 /* AFJSONRequestOperation.m */; settings = {COMPILER_FLAGS = "-fno-objc-arc"; }; };
		C4693EED15715B0400FE7BB4 /* Artist.m in Sources */ = {isa = PBXBuildFile; fileRef = C4693EEA15715B0400FE7BB4 /* Artist.m */; };
		C4693EEF15715B0400FE7BB4 /* Album.m in Sources */ = {isa = PBXBuildFile; fileRef = C4693EEC15715B0400FE7BB4 /* Album.m */; };
		F925E6DC156836F6008D8E93 /* AboutViewController.m in Sources */ = {isa = PBXBuildFile; fileRef = F925E6DA156836F6008D8E93 /* AboutViewController.m */; };
		F9A41A731565FDE4009B4863 /* UIKit.framework in Frameworks */ = {isa = PBXBuildFile; fileRef = F9A41A721565FDE4009B4863 /* UIKit.framework */; };
		F9A41A751565FDE4009B4863 /* Foundation.framework in Frameworks */ = {isa = PBXBuildFile; fileRef = F9A41A741565FDE4009B4863 /* Foundation.framework */; };
		F9A41A771565FDE4009B4863 /* CoreGraphics.framework in Frameworks */ = {isa = PBXBuildFile; fileRef = F9A41A761565FDE4009B4863 /* CoreGraphics.framework */; };
		F9A41A7D1565FDE4009B4863 /* InfoPlist.strings in Resources */ = {isa = PBXBuildFile; fileRef = F9A41A7B1565FDE4009B4863 /* InfoPlist.strings */; };
		F9A41A7F1565FDE4009B4863 /* main.m in Sources */ = {isa = PBXBuildFile; fileRef = F9A41A7E1565FDE4009B4863 /* main.m */; };
		F9A41A831565FDE4009B4863 /* AppDelegate.m in Sources */ = {isa = PBXBuildFile; fileRef = F9A41A821565FDE4009B4863 /* AppDelegate.m */; };
		F9A41AA31565FEC2009B4863 /* MainViewController.m in Sources */ = {isa = PBXBuildFile; fileRef = F9A41AA21565FEC2009B4863 /* MainViewController.m */; };
		F9B1688C156B1F4300F4E6D1 /* background.png in Resources */ = {isa = PBXBuildFile; fileRef = F9B16886156B1F4300F4E6D1 /* background.png */; };
		F9B1688E156B1F4300F4E6D1 /* background@2x.png in Resources */ = {isa = PBXBuildFile; fileRef = F9B16887156B1F4300F4E6D1 /* background@2x.png */; };
		F9B16890156B1F4300F4E6D1 /* buttonbg.png in Resources */ = {isa = PBXBuildFile; fileRef = F9B16888156B1F4300F4E6D1 /* buttonbg.png */; };
		F9B16892156B1F4300F4E6D1 /* buttonbg@2x.png in Resources */ = {isa = PBXBuildFile; fileRef = F9B16889156B1F4300F4E6D1 /* buttonbg@2x.png */; };
		F9B16894156B1F4300F4E6D1 /* logo.png in Resources */ = {isa = PBXBuildFile; fileRef = F9B1688A156B1F4300F4E6D1 /* logo.png */; };
		F9B16896156B1F4300F4E6D1 /* logo@2x.png in Resources */ = {isa = PBXBuildFile; fileRef = F9B1688B156B1F4300F4E6D1 /* logo@2x.png */; };
		F9D7EC4D157179670084504B /* iMusic.data in Resources */ = {isa = PBXBuildFile; fileRef = F9D7EC4C157179670084504B /* iMusic.data */; };
/* End PBXBuildFile section */

/* Begin PBXContainerItemProxy section */
		117D4432241E7F4400A49F65 /* PBXContainerItemProxy */ = {
			isa = PBXContainerItemProxy;
			containerPortal = F9A41A651565FDE4009B4863 /* Project object */;
			proxyType = 1;
			remoteGlobalIDString = F9A41A6D1565FDE4009B4863;
			remoteInfo = iMusic;
		};
/* End PBXContainerItemProxy section */

/* Begin PBXFileReference section */
		117D442D241E7F4300A49F65 /* iMusicTests.xctest */ = {isa = PBXFileReference; explicitFileType = wrapper.cfbundle; includeInIndex = 0; path = iMusicTests.xctest; sourceTree = BUILT_PRODUCTS_DIR; };
		117D4431241E7F4400A49F65 /* Info.plist */ = {isa = PBXFileReference; lastKnownFileType = text.plist.xml; path = Info.plist; sourceTree = "<group>"; };
		117D443A241E82D300A49F65 /* ArtistTests.m */ = {isa = PBXFileReference; lastKnownFileType = sourcecode.c.objc; path = ArtistTests.m; sourceTree = "<group>"; };
		119BCBF52411B17F00B33A80 /* MusicListViewController.h */ = {isa = PBXFileReference; lastKnownFileType = sourcecode.c.h; path = MusicListViewController.h; sourceTree = "<group>"; };
		119BCBF62411B17F00B33A80 /* MusicListViewController.m */ = {isa = PBXFileReference; lastKnownFileType = sourcecode.c.objc; path = MusicListViewController.m; sourceTree = "<group>"; };
		119BCC0124131E1600B33A80 /* MainStoryboard.storyboard */ = {isa = PBXFileReference; lastKnownFileType = file.storyboard; path = MainStoryboard.storyboard; sourceTree = "<group>"; };
		119BCC052413330F00B33A80 /* MusicListCell.h */ = {isa = PBXFileReference; lastKnownFileType = sourcecode.c.h; path = MusicListCell.h; sourceTree = "<group>"; };
		119BCC062413330F00B33A80 /* MusicListCell.m */ = {isa = PBXFileReference; lastKnownFileType = sourcecode.c.objc; path = MusicListCell.m; sourceTree = "<group>"; };
		119BCC0A2413FE4D00B33A80 /* UIView+Geometry.m */ = {isa = PBXFileReference; fileEncoding = 4; lastKnownFileType = sourcecode.c.objc; path = "UIView+Geometry.m"; sourceTree = "<group>"; };
		119BCC0B2413FE4D00B33A80 /* UIView+Geometry.h */ = {isa = PBXFileReference; fileEncoding = 4; lastKnownFileType = sourcecode.c.h; path = "UIView+Geometry.h"; sourceTree = "<group>"; };
		119BCC0E2414251000B33A80 /* AlbumDetailsViewController.h */ = {isa = PBXFileReference; lastKnownFileType = sourcecode.c.h; path = AlbumDetailsViewController.h; sourceTree = "<group>"; };
		119BCC0F2414251000B33A80 /* AlbumDetailsViewController.m */ = {isa = PBXFileReference; lastKnownFileType = sourcecode.c.objc; path = AlbumDetailsViewController.m; sourceTree = "<group>"; };
		119BCC122417A18B00B33A80 /* SearchArtistsViewController.m */ = {isa = PBXFileReference; fileEncoding = 4; lastKnownFileType = sourcecode.c.objc; path = SearchArtistsViewController.m; sourceTree = "<group>"; };
		119BCC132417A18B00B33A80 /* BrowseAlbumsViewController.h */ = {isa = PBXFileReference; fileEncoding = 4; lastKnownFileType = sourcecode.c.h; path = BrowseAlbumsViewController.h; sourceTree = "<group>"; };
		119BCC142417A18B00B33A80 /* BrowseAlbumsViewController.m */ = {isa = PBXFileReference; fileEncoding = 4; lastKnownFileType = sourcecode.c.objc; path = BrowseAlbumsViewController.m; sourceTree = "<group>"; };
		119BCC152417A18B00B33A80 /* SearchArtistsViewController.h */ = {isa = PBXFileReference; fileEncoding = 4; lastKnownFileType = sourcecode.c.h; path = SearchArtistsViewController.h; sourceTree = "<group>"; };
		119BCC1A2417A1BB00B33A80 /* trivium.jpg */ = {isa = PBXFileReference; lastKnownFileType = image.jpeg; path = trivium.jpg; sourceTree = "<group>"; };
		119BCC1E241A4F6900B33A80 /* MusicStoreService.h */ = {isa = PBXFileReference; lastKnownFileType = sourcecode.c.h; path = MusicStoreService.h; sourceTree = "<group>"; };
		119BCC1F241A4F6900B33A80 /* MusicStoreService.m */ = {isa = PBXFileReference; lastKnownFileType = sourcecode.c.objc; path = MusicStoreService.m; sourceTree = "<group>"; };
		119BCC22241A541F00B33A80 /* NSDictionary+DateAdditions.h */ = {isa = PBXFileReference; fileEncoding = 4; lastKnownFileType = sourcecode.c.h; path = "NSDictionary+DateAdditions.h"; sourceTree = "<group>"; };
		119BCC23241A542000B33A80 /* NSDictionary+DateAdditions.m */ = {isa = PBXFileReference; fileEncoding = 4; lastKnownFileType = sourcecode.c.objc; path = "NSDictionary+DateAdditions.m"; sourceTree = "<group>"; };
		119BCC24241A542000B33A80 /* NSString+Additions.h */ = {isa = PBXFileReference; fileEncoding = 4; lastKnownFileType = sourcecode.c.h; path = "NSString+Additions.h"; sourceTree = "<group>"; };
		119BCC25241A542000B33A80 /* NSString+Additions.m */ = {isa = PBXFileReference; fileEncoding = 4; lastKnownFileType = sourcecode.c.objc; path = "NSString+Additions.m"; sourceTree = "<group>"; };
		119BCC2A241A909100B33A80 /* HTTPGetRequest.h */ = {isa = PBXFileReference; lastKnownFileType = sourcecode.c.h; path = HTTPGetRequest.h; sourceTree = "<group>"; };
		119BCC2B241A909100B33A80 /* HTTPGetRequest.m */ = {isa = PBXFileReference; lastKnownFileType = sourcecode.c.objc; path = HTTPGetRequest.m; sourceTree = "<group>"; };
		119BCC2F241BE3D100B33A80 /* AFHTTPRequestOperation.h */ = {isa = PBXFileReference; fileEncoding = 4; lastKnownFileType = sourcecode.c.h; path = AFHTTPRequestOperation.h; sourceTree = "<group>"; };
		119BCC30241BE3D100B33A80 /* AFURLConnectionOperation.h */ = {isa = PBXFileReference; fileEncoding = 4; lastKnownFileType = sourcecode.c.h; path = AFURLConnectionOperation.h; sourceTree = "<group>"; };
		119BCC31241BE3D100B33A80 /* AFImageRequestOperation.m */ = {isa = PBXFileReference; fileEncoding = 4; lastKnownFileType = sourcecode.c.objc; path = AFImageRequestOperation.m; sourceTree = "<group>"; };
		119BCC32241BE3D100B33A80 /* AFPropertyListRequestOperation.m */ = {isa = PBXFileReference; fileEncoding = 4; lastKnownFileType = sourcecode.c.objc; path = AFPropertyListRequestOperation.m; sourceTree = "<group>"; };
		119BCC33241BE3D100B33A80 /* AFJSONUtilities.m */ = {isa = PBXFileReference; fileEncoding = 4; lastKnownFileType = sourcecode.c.objc; path = AFJSONUtilities.m; sourceTree = "<group>"; };
		119BCC34241BE3D100B33A80 /* AFXMLRequestOperation.h */ = {isa = PBXFileReference; fileEncoding = 4; lastKnownFileType = sourcecode.c.h; path = AFXMLRequestOperation.h; sourceTree = "<group>"; };
		119BCC35241BE3D100B33A80 /* AFHTTPClient.m */ = {isa = PBXFileReference; fileEncoding = 4; lastKnownFileType = sourcecode.c.objc; path = AFHTTPClient.m; sourceTree = "<group>"; };
		119BCC36241BE3D100B33A80 /* UIImageView+AFNetworking.h */ = {isa = PBXFileReference; fileEncoding = 4; lastKnownFileType = sourcecode.c.h; path = "UIImageView+AFNetworking.h"; sourceTree = "<group>"; };
		119BCC37241BE3D100B33A80 /* AFNetworkActivityIndicatorManager.m */ = {isa = PBXFileReference; fileEncoding = 4; lastKnownFileType = sourcecode.c.objc; path = AFNetworkActivityIndicatorManager.m; sourceTree = "<group>"; };
		119BCC38241BE3D100B33A80 /* AFJSONRequestOperation.h */ = {isa = PBXFileReference; fileEncoding = 4; lastKnownFileType = sourcecode.c.h; path = AFJSONRequestOperation.h; sourceTree = "<group>"; };
		119BCC39241BE3D100B33A80 /* AFURLConnectionOperation.m */ = {isa = PBXFileReference; fileEncoding = 4; lastKnownFileType = sourcecode.c.objc; path = AFURLConnectionOperation.m; sourceTree = "<group>"; };
		119BCC3A241BE3D100B33A80 /* AFHTTPRequestOperation.m */ = {isa = PBXFileReference; fileEncoding = 4; lastKnownFileType = sourcecode.c.objc; path = AFHTTPRequestOperation.m; sourceTree = "<group>"; };
		119BCC3B241BE3D100B33A80 /* AFNetworking.h */ = {isa = PBXFileReference; fileEncoding = 4; lastKnownFileType = sourcecode.c.h; path = AFNetworking.h; sourceTree = "<group>"; };
		119BCC3C241BE3D100B33A80 /* AFPropertyListRequestOperation.h */ = {isa = PBXFileReference; fileEncoding = 4; lastKnownFileType = sourcecode.c.h; path = AFPropertyListRequestOperation.h; sourceTree = "<group>"; };
		119BCC3D241BE3D100B33A80 /* AFImageRequestOperation.h */ = {isa = PBXFileReference; fileEncoding = 4; lastKnownFileType = sourcecode.c.h; path = AFImageRequestOperation.h; sourceTree = "<group>"; };
		119BCC3E241BE3D100B33A80 /* UIImageView+AFNetworking.m */ = {isa = PBXFileReference; fileEncoding = 4; lastKnownFileType = sourcecode.c.objc; path = "UIImageView+AFNetworking.m"; sourceTree = "<group>"; };
		119BCC3F241BE3D100B33A80 /* AFHTTPClient.h */ = {isa = PBXFileReference; fileEncoding = 4; lastKnownFileType = sourcecode.c.h; path = AFHTTPClient.h; sourceTree = "<group>"; };
		119BCC40241BE3D100B33A80 /* AFXMLRequestOperation.m */ = {isa = PBXFileReference; fileEncoding = 4; lastKnownFileType = sourcecode.c.objc; path = AFXMLRequestOperation.m; sourceTree = "<group>"; };
		119BCC41241BE3D100B33A80 /* AFJSONUtilities.h */ = {isa = PBXFileReference; fileEncoding = 4; lastKnownFileType = sourcecode.c.h; path = AFJSONUtilities.h; sourceTree = "<group>"; };
		119BCC42241BE3D100B33A80 /* AFJSONRequestOperation.m */ = {isa = PBXFileReference; fileEncoding = 4; lastKnownFileType = sourcecode.c.objc; path = AFJSONRequestOperation.m; sourceTree = "<group>"; };
		119BCC43241BE3D100B33A80 /* AFNetworkActivityIndicatorManager.h */ = {isa = PBXFileReference; fileEncoding = 4; lastKnownFileType = sourcecode.c.h; path = AFNetworkActivityIndicatorManager.h; sourceTree = "<group>"; };
		119BCC4E241D217500B33A80 /* iMusic.xctestplan */ = {isa = PBXFileReference; lastKnownFileType = text; path = iMusic.xctestplan; sourceTree = "<group>"; };
		C4693EE915715B0400FE7BB4 /* Artist.h */ = {isa = PBXFileReference; fileEncoding = 4; lastKnownFileType = sourcecode.c.h; path = Artist.h; sourceTree = "<group>"; };
		C4693EEA15715B0400FE7BB4 /* Artist.m */ = {isa = PBXFileReference; fileEncoding = 4; lastKnownFileType = sourcecode.c.objc; path = Artist.m; sourceTree = "<group>"; };
		C4693EEB15715B0400FE7BB4 /* Album.h */ = {isa = PBXFileReference; fileEncoding = 4; lastKnownFileType = sourcecode.c.h; path = Album.h; sourceTree = "<group>"; };
		C4693EEC15715B0400FE7BB4 /* Album.m */ = {isa = PBXFileReference; fileEncoding = 4; lastKnownFileType = sourcecode.c.objc; path = Album.m; sourceTree = "<group>"; };
		F925E6D9156836F6008D8E93 /* AboutViewController.h */ = {isa = PBXFileReference; fileEncoding = 4; lastKnownFileType = sourcecode.c.h; path = AboutViewController.h; sourceTree = "<group>"; };
		F925E6DA156836F6008D8E93 /* AboutViewController.m */ = {isa = PBXFileReference; fileEncoding = 4; lastKnownFileType = sourcecode.c.objc; path = AboutViewController.m; sourceTree = "<group>"; };
		F9A41A6E1565FDE4009B4863 /* iMusic.app */ = {isa = PBXFileReference; explicitFileType = wrapper.application; includeInIndex = 0; path = iMusic.app; sourceTree = BUILT_PRODUCTS_DIR; };
		F9A41A721565FDE4009B4863 /* UIKit.framework */ = {isa = PBXFileReference; lastKnownFileType = wrapper.framework; name = UIKit.framework; path = System/Library/Frameworks/UIKit.framework; sourceTree = SDKROOT; };
		F9A41A741565FDE4009B4863 /* Foundation.framework */ = {isa = PBXFileReference; lastKnownFileType = wrapper.framework; name = Foundation.framework; path = System/Library/Frameworks/Foundation.framework; sourceTree = SDKROOT; };
		F9A41A761565FDE4009B4863 /* CoreGraphics.framework */ = {isa = PBXFileReference; lastKnownFileType = wrapper.framework; name = CoreGraphics.framework; path = System/Library/Frameworks/CoreGraphics.framework; sourceTree = SDKROOT; };
		F9A41A7A1565FDE4009B4863 /* iMusic-Info.plist */ = {isa = PBXFileReference; lastKnownFileType = text.plist.xml; path = "iMusic-Info.plist"; sourceTree = "<group>"; };
		F9A41A7C1565FDE4009B4863 /* en */ = {isa = PBXFileReference; lastKnownFileType = text.plist.strings; name = en; path = en.lproj/InfoPlist.strings; sourceTree = "<group>"; };
		F9A41A7E1565FDE4009B4863 /* main.m */ = {isa = PBXFileReference; lastKnownFileType = sourcecode.c.objc; path = main.m; sourceTree = "<group>"; };
		F9A41A801565FDE4009B4863 /* iMusic-Prefix.pch */ = {isa = PBXFileReference; lastKnownFileType = sourcecode.c.h; path = "iMusic-Prefix.pch"; sourceTree = "<group>"; };
		F9A41A811565FDE4009B4863 /* AppDelegate.h */ = {isa = PBXFileReference; lastKnownFileType = sourcecode.c.h; path = AppDelegate.h; sourceTree = "<group>"; };
		F9A41A821565FDE4009B4863 /* AppDelegate.m */ = {isa = PBXFileReference; lastKnownFileType = sourcecode.c.objc; path = AppDelegate.m; sourceTree = "<group>"; };
		F9A41A8A1565FDE4009B4863 /* SenTestingKit.framework */ = {isa = PBXFileReference; lastKnownFileType = wrapper.framework; name = SenTestingKit.framework; path = Library/Frameworks/SenTestingKit.framework; sourceTree = DEVELOPER_DIR; };
		F9A41AA11565FEC2009B4863 /* MainViewController.h */ = {isa = PBXFileReference; fileEncoding = 4; lastKnownFileType = sourcecode.c.h; path = MainViewController.h; sourceTree = "<group>"; };
		F9A41AA21565FEC2009B4863 /* MainViewController.m */ = {isa = PBXFileReference; fileEncoding = 4; lastKnownFileType = sourcecode.c.objc; path = MainViewController.m; sourceTree = "<group>"; };
		F9B16886156B1F4300F4E6D1 /* background.png */ = {isa = PBXFileReference; lastKnownFileType = image.png; path = background.png; sourceTree = "<group>"; };
		F9B16887156B1F4300F4E6D1 /* background@2x.png */ = {isa = PBXFileReference; lastKnownFileType = image.png; path = "background@2x.png"; sourceTree = "<group>"; };
		F9B16888156B1F4300F4E6D1 /* buttonbg.png */ = {isa = PBXFileReference; lastKnownFileType = image.png; path = buttonbg.png; sourceTree = "<group>"; };
		F9B16889156B1F4300F4E6D1 /* buttonbg@2x.png */ = {isa = PBXFileReference; lastKnownFileType = image.png; path = "buttonbg@2x.png"; sourceTree = "<group>"; };
		F9B1688A156B1F4300F4E6D1 /* logo.png */ = {isa = PBXFileReference; lastKnownFileType = image.png; path = logo.png; sourceTree = "<group>"; };
		F9B1688B156B1F4300F4E6D1 /* logo@2x.png */ = {isa = PBXFileReference; lastKnownFileType = image.png; path = "logo@2x.png"; sourceTree = "<group>"; };
		F9D7EC4C157179670084504B /* iMusic.data */ = {isa = PBXFileReference; lastKnownFileType = file.bplist; path = iMusic.data; sourceTree = "<group>"; };
/* End PBXFileReference section */

/* Begin PBXFrameworksBuildPhase section */
		117D442A241E7F4300A49F65 /* Frameworks */ = {
			isa = PBXFrameworksBuildPhase;
			buildActionMask = 2147483647;
			files = (
			);
			runOnlyForDeploymentPostprocessing = 0;
		};
		F9A41A6B1565FDE4009B4863 /* Frameworks */ = {
			isa = PBXFrameworksBuildPhase;
			buildActionMask = 2147483647;
			files = (
				F9A41A731565FDE4009B4863 /* UIKit.framework in Frameworks */,
				F9A41A751565FDE4009B4863 /* Foundation.framework in Frameworks */,
				F9A41A771565FDE4009B4863 /* CoreGraphics.framework in Frameworks */,
			);
			runOnlyForDeploymentPostprocessing = 0;
		};
/* End PBXFrameworksBuildPhase section */

/* Begin PBXGroup section */
		117D442E241E7F4300A49F65 /* iMusicTests */ = {
			isa = PBXGroup;
			children = (
				117D4431241E7F4400A49F65 /* Info.plist */,
				117D443A241E82D300A49F65 /* ArtistTests.m */,
			);
			path = iMusicTests;
			sourceTree = "<group>";
		};
		119BCC042413324100B33A80 /* Cells */ = {
			isa = PBXGroup;
			children = (
				119BCC052413330F00B33A80 /* MusicListCell.h */,
				119BCC062413330F00B33A80 /* MusicListCell.m */,
			);
			name = Cells;
			sourceTree = "<group>";
		};
		119BCC092413FE4D00B33A80 /* Categories */ = {
			isa = PBXGroup;
			children = (
				119BCC22241A541F00B33A80 /* NSDictionary+DateAdditions.h */,
				119BCC23241A542000B33A80 /* NSDictionary+DateAdditions.m */,
				119BCC24241A542000B33A80 /* NSString+Additions.h */,
				119BCC25241A542000B33A80 /* NSString+Additions.m */,
				119BCC0A2413FE4D00B33A80 /* UIView+Geometry.m */,
				119BCC0B2413FE4D00B33A80 /* UIView+Geometry.h */,
			);
			path = Categories;
			sourceTree = "<group>";
		};
		119BCC1D241A4E6400B33A80 /* Services */ = {
			isa = PBXGroup;
			children = (
				119BCC1E241A4F6900B33A80 /* MusicStoreService.h */,
				119BCC1F241A4F6900B33A80 /* MusicStoreService.m */,
				119BCC2A241A909100B33A80 /* HTTPGetRequest.h */,
				119BCC2B241A909100B33A80 /* HTTPGetRequest.m */,
			);
			name = Services;
			sourceTree = "<group>";
		};
		119BCC2E241BE3D100B33A80 /* AFNetworking */ = {
			isa = PBXGroup;
			children = (
				119BCC2F241BE3D100B33A80 /* AFHTTPRequestOperation.h */,
				119BCC30241BE3D100B33A80 /* AFURLConnectionOperation.h */,
				119BCC31241BE3D100B33A80 /* AFImageRequestOperation.m */,
				119BCC32241BE3D100B33A80 /* AFPropertyListRequestOperation.m */,
				119BCC33241BE3D100B33A80 /* AFJSONUtilities.m */,
				119BCC34241BE3D100B33A80 /* AFXMLRequestOperation.h */,
				119BCC35241BE3D100B33A80 /* AFHTTPClient.m */,
				119BCC36241BE3D100B33A80 /* UIImageView+AFNetworking.h */,
				119BCC37241BE3D100B33A80 /* AFNetworkActivityIndicatorManager.m */,
				119BCC38241BE3D100B33A80 /* AFJSONRequestOperation.h */,
				119BCC39241BE3D100B33A80 /* AFURLConnectionOperation.m */,
				119BCC3A241BE3D100B33A80 /* AFHTTPRequestOperation.m */,
				119BCC3B241BE3D100B33A80 /* AFNetworking.h */,
				119BCC3C241BE3D100B33A80 /* AFPropertyListRequestOperation.h */,
				119BCC3D241BE3D100B33A80 /* AFImageRequestOperation.h */,
				119BCC3E241BE3D100B33A80 /* UIImageView+AFNetworking.m */,
				119BCC3F241BE3D100B33A80 /* AFHTTPClient.h */,
				119BCC40241BE3D100B33A80 /* AFXMLRequestOperation.m */,
				119BCC41241BE3D100B33A80 /* AFJSONUtilities.h */,
				119BCC42241BE3D100B33A80 /* AFJSONRequestOperation.m */,
				119BCC43241BE3D100B33A80 /* AFNetworkActivityIndicatorManager.h */,
			);
			path = AFNetworking;
			sourceTree = "<group>";
		};
		F980A0BA156C8A7600211794 /* Models */ = {
			isa = PBXGroup;
			children = (
				C4693EE915715B0400FE7BB4 /* Artist.h */,
				C4693EEA15715B0400FE7BB4 /* Artist.m */,
				C4693EEB15715B0400FE7BB4 /* Album.h */,
				C4693EEC15715B0400FE7BB4 /* Album.m */,
			);
			name = Models;
			sourceTree = "<group>";
		};
		F980A0BB156C8A8F00211794 /* Controllers */ = {
			isa = PBXGroup;
			children = (
				119BCC042413324100B33A80 /* Cells */,
				F925E6D9156836F6008D8E93 /* AboutViewController.h */,
				F925E6DA156836F6008D8E93 /* AboutViewController.m */,
				F9A41AA11565FEC2009B4863 /* MainViewController.h */,
				F9A41AA21565FEC2009B4863 /* MainViewController.m */,
				119BCBF52411B17F00B33A80 /* MusicListViewController.h */,
				119BCBF62411B17F00B33A80 /* MusicListViewController.m */,
				119BCC0E2414251000B33A80 /* AlbumDetailsViewController.h */,
				119BCC0F2414251000B33A80 /* AlbumDetailsViewController.m */,
				119BCC132417A18B00B33A80 /* BrowseAlbumsViewController.h */,
				119BCC142417A18B00B33A80 /* BrowseAlbumsViewController.m */,
				119BCC152417A18B00B33A80 /* SearchArtistsViewController.h */,
				119BCC122417A18B00B33A80 /* SearchArtistsViewController.m */,
			);
			name = Controllers;
			sourceTree = "<group>";
		};
		F9A41A631565FDE4009B4863 = {
			isa = PBXGroup;
			children = (
				F9A41A781565FDE4009B4863 /* iMusic */,
				119BCC4E241D217500B33A80 /* iMusic.xctestplan */,
				117D442E241E7F4300A49F65 /* iMusicTests */,
				F9A41A711565FDE4009B4863 /* Frameworks */,
				F9A41A6F1565FDE4009B4863 /* Products */,
			);
			sourceTree = "<group>";
		};
		F9A41A6F1565FDE4009B4863 /* Products */ = {
			isa = PBXGroup;
			children = (
				F9A41A6E1565FDE4009B4863 /* iMusic.app */,
				117D442D241E7F4300A49F65 /* iMusicTests.xctest */,
			);
			name = Products;
			sourceTree = "<group>";
		};
		F9A41A711565FDE4009B4863 /* Frameworks */ = {
			isa = PBXGroup;
			children = (
				F9A41A721565FDE4009B4863 /* UIKit.framework */,
				F9A41A741565FDE4009B4863 /* Foundation.framework */,
				F9A41A761565FDE4009B4863 /* CoreGraphics.framework */,
				F9A41A8A1565FDE4009B4863 /* SenTestingKit.framework */,
			);
			name = Frameworks;
			sourceTree = "<group>";
		};
		F9A41A781565FDE4009B4863 /* iMusic */ = {
			isa = PBXGroup;
			children = (
				119BCC1D241A4E6400B33A80 /* Services */,
				119BCC092413FE4D00B33A80 /* Categories */,
				F980A0BB156C8A8F00211794 /* Controllers */,
				F980A0BA156C8A7600211794 /* Models */,
				F9A41A791565FDE4009B4863 /* Supporting Files */,
				F9A41A811565FDE4009B4863 /* AppDelegate.h */,
				F9A41A821565FDE4009B4863 /* AppDelegate.m */,
				119BCC0124131E1600B33A80 /* MainStoryboard.storyboard */,
			);
			path = iMusic;
			sourceTree = "<group>";
		};
		F9A41A791565FDE4009B4863 /* Supporting Files */ = {
			isa = PBXGroup;
			children = (
				119BCC2E241BE3D100B33A80 /* AFNetworking */,
				F9D7EC4A1571795D0084504B /* Data */,
				F9B16885156B1F4300F4E6D1 /* Images */,
				F9A41A7A1565FDE4009B4863 /* iMusic-Info.plist */,
				F9A41A801565FDE4009B4863 /* iMusic-Prefix.pch */,
				F9A41A7B1565FDE4009B4863 /* InfoPlist.strings */,
				F9A41A7E1565FDE4009B4863 /* main.m */,
			);
			name = "Supporting Files";
			sourceTree = "<group>";
		};
		F9B16885156B1F4300F4E6D1 /* Images */ = {
			isa = PBXGroup;
			children = (
				119BCC1A2417A1BB00B33A80 /* trivium.jpg */,
				F9B16886156B1F4300F4E6D1 /* background.png */,
				F9B16887156B1F4300F4E6D1 /* background@2x.png */,
				F9B16888156B1F4300F4E6D1 /* buttonbg.png */,
				F9B16889156B1F4300F4E6D1 /* buttonbg@2x.png */,
				F9B1688A156B1F4300F4E6D1 /* logo.png */,
				F9B1688B156B1F4300F4E6D1 /* logo@2x.png */,
			);
			path = Images;
			sourceTree = "<group>";
		};
		F9D7EC4A1571795D0084504B /* Data */ = {
			isa = PBXGroup;
			children = (
				F9D7EC4C157179670084504B /* iMusic.data */,
			);
			name = Data;
			sourceTree = "<group>";
		};
/* End PBXGroup section */

/* Begin PBXNativeTarget section */
		117D442C241E7F4300A49F65 /* iMusicTests */ = {
			isa = PBXNativeTarget;
			buildConfigurationList = 117D4434241E7F4400A49F65 /* Build configuration list for PBXNativeTarget "iMusicTests" */;
			buildPhases = (
				117D4429241E7F4300A49F65 /* Sources */,
				117D442A241E7F4300A49F65 /* Frameworks */,
				117D442B241E7F4300A49F65 /* Resources */,
			);
			buildRules = (
			);
			dependencies = (
				117D4433241E7F4400A49F65 /* PBXTargetDependency */,
			);
			name = iMusicTests;
			productName = iMusicTests;
			productReference = 117D442D241E7F4300A49F65 /* iMusicTests.xctest */;
			productType = "com.apple.product-type.bundle.unit-test";
		};
		F9A41A6D1565FDE4009B4863 /* iMusic */ = {
			isa = PBXNativeTarget;
			buildConfigurationList = F9A41A9B1565FDE4009B4863 /* Build configuration list for PBXNativeTarget "iMusic" */;
			buildPhases = (
				F9A41A6A1565FDE4009B4863 /* Sources */,
				F9A41A6B1565FDE4009B4863 /* Frameworks */,
				F9A41A6C1565FDE4009B4863 /* Resources */,
			);
			buildRules = (
			);
			dependencies = (
			);
			name = iMusic;
			productName = iMusic;
			productReference = F9A41A6E1565FDE4009B4863 /* iMusic.app */;
			productType = "com.apple.product-type.application";
		};
/* End PBXNativeTarget section */

/* Begin PBXProject section */
		F9A41A651565FDE4009B4863 /* Project object */ = {
			isa = PBXProject;
			attributes = {
				DefaultBuildSystemTypeForWorkspace = Original;
				LastUpgradeCheck = 1120;
				ORGANIZATIONNAME = "TapHarmonic, LLC";
				TargetAttributes = {
					117D442C241E7F4300A49F65 = {
						CreatedOnToolsVersion = 11.2.1;
						DevelopmentTeam = AGV53XD2D4;
						ProvisioningStyle = Automatic;
						TestTargetID = F9A41A6D1565FDE4009B4863;
					};
				};
			};
			buildConfigurationList = F9A41A681565FDE4009B4863 /* Build configuration list for PBXProject "iMusic" */;
			compatibilityVersion = "Xcode 3.2";
			developmentRegion = English;
			hasScannedForEncodings = 0;
			knownRegions = (
				English,
				en,
			);
			mainGroup = F9A41A631565FDE4009B4863;
			productRefGroup = F9A41A6F1565FDE4009B4863 /* Products */;
			projectDirPath = "";
			projectRoot = "";
			targets = (
				F9A41A6D1565FDE4009B4863 /* iMusic */,
				117D442C241E7F4300A49F65 /* iMusicTests */,
			);
		};
/* End PBXProject section */

/* Begin PBXResourcesBuildPhase section */
		117D442B241E7F4300A49F65 /* Resources */ = {
			isa = PBXResourcesBuildPhase;
			buildActionMask = 2147483647;
			files = (
			);
			runOnlyForDeploymentPostprocessing = 0;
		};
		F9A41A6C1565FDE4009B4863 /* Resources */ = {
			isa = PBXResourcesBuildPhase;
			buildActionMask = 2147483647;
			files = (
				F9A41A7D1565FDE4009B4863 /* InfoPlist.strings in Resources */,
				119BCC0224131E1600B33A80 /* MainStoryboard.storyboard in Resources */,
				F9B1688C156B1F4300F4E6D1 /* background.png in Resources */,
				F9B1688E156B1F4300F4E6D1 /* background@2x.png in Resources */,
				F9B16890156B1F4300F4E6D1 /* buttonbg.png in Resources */,
				F9B16892156B1F4300F4E6D1 /* buttonbg@2x.png in Resources */,
				119BCC1B2417A1BB00B33A80 /* trivium.jpg in Resources */,
				F9B16894156B1F4300F4E6D1 /* logo.png in Resources */,
				F9B16896156B1F4300F4E6D1 /* logo@2x.png in Resources */,
				F9D7EC4D157179670084504B /* iMusic.data in Resources */,
			);
			runOnlyForDeploymentPostprocessing = 0;
		};
/* End PBXResourcesBuildPhase section */

/* Begin PBXSourcesBuildPhase section */
		117D4429241E7F4300A49F65 /* Sources */ = {
			isa = PBXSourcesBuildPhase;
			buildActionMask = 2147483647;
			files = (
				117D443B241E82D300A49F65 /* ArtistTests.m in Sources */,
			);
			runOnlyForDeploymentPostprocessing = 0;
		};
		F9A41A6A1565FDE4009B4863 /* Sources */ = {
			isa = PBXSourcesBuildPhase;
			buildActionMask = 2147483647;
			files = (
				119BCC49241BE3D100B33A80 /* AFURLConnectionOperation.m in Sources */,
				119BCC182417A18B00B33A80 /* BrowseAlbumsViewController.m in Sources */,
				119BCC4A241BE3D100B33A80 /* AFHTTPRequestOperation.m in Sources */,
				F9A41A7F1565FDE4009B4863 /* main.m in Sources */,
				119BCC4D241BE3D100B33A80 /* AFJSONRequestOperation.m in Sources */,
				119BCC46241BE3D100B33A80 /* AFJSONUtilities.m in Sources */,
				119BCC45241BE3D100B33A80 /* AFPropertyListRequestOperation.m in Sources */,
				119BCC102414251000B33A80 /* AlbumDetailsViewController.m in Sources */,
				119BCC48241BE3D100B33A80 /* AFNetworkActivityIndicatorManager.m in Sources */,
				F9A41A831565FDE4009B4863 /* AppDelegate.m in Sources */,
				119BCC2C241A909100B33A80 /* HTTPGetRequest.m in Sources */,
				119BCC44241BE3D100B33A80 /* AFImageRequestOperation.m in Sources */,
				119BCC162417A18B00B33A80 /* SearchArtistsViewController.m in Sources */,
				F9A41AA31565FEC2009B4863 /* MainViewController.m in Sources */,
				119BCBF72411B17F00B33A80 /* MusicListViewController.m in Sources */,
				F925E6DC156836F6008D8E93 /* AboutViewController.m in Sources */,
				119BCC28241A542000B33A80 /* NSString+Additions.m in Sources */,
				119BCC4C241BE3D100B33A80 /* AFXMLRequestOperation.m in Sources */,
				C4693EED15715B0400FE7BB4 /* Artist.m in Sources */,
				119BCC20241A4F6A00B33A80 /* MusicStoreService.m in Sources */,
				119BCC47241BE3D100B33A80 /* AFHTTPClient.m in Sources */,
				119BCC4B241BE3D100B33A80 /* UIImageView+AFNetworking.m in Sources */,
				C4693EEF15715B0400FE7BB4 /* Album.m in Sources */,
				119BCC0C2413FE4D00B33A80 /* UIView+Geometry.m in Sources */,
				119BCC26241A542000B33A80 /* NSDictionary+DateAdditions.m in Sources */,
				119BCC072413330F00B33A80 /* MusicListCell.m in Sources */,
			);
			runOnlyForDeploymentPostprocessing = 0;
		};
/* End PBXSourcesBuildPhase section */

/* Begin PBXTargetDependency section */
		117D4433241E7F4400A49F65 /* PBXTargetDependency */ = {
			isa = PBXTargetDependency;
			target = F9A41A6D1565FDE4009B4863 /* iMusic */;
			targetProxy = 117D4432241E7F4400A49F65 /* PBXContainerItemProxy */;
		};
/* End PBXTargetDependency section */

/* Begin PBXVariantGroup section */
		F9A41A7B1565FDE4009B4863 /* InfoPlist.strings */ = {
			isa = PBXVariantGroup;
			children = (
				F9A41A7C1565FDE4009B4863 /* en */,
			);
			name = InfoPlist.strings;
			sourceTree = "<group>";
		};
/* End PBXVariantGroup section */

/* Begin XCBuildConfiguration section */
		117D4435241E7F4400A49F65 /* Debug */ = {
			isa = XCBuildConfiguration;
			buildSettings = {
				BUNDLE_LOADER = "$(TEST_HOST)";
				CLANG_ANALYZER_NONNULL = YES;
				CLANG_ANALYZER_NUMBER_OBJECT_CONVERSION = YES_AGGRESSIVE;
				CLANG_CXX_LANGUAGE_STANDARD = "gnu++14";
				CLANG_CXX_LIBRARY = "libc++";
				CLANG_ENABLE_MODULES = YES;
				CLANG_ENABLE_OBJC_WEAK = YES;
				CLANG_WARN_BLOCK_CAPTURE_AUTORELEASING = YES;
				CLANG_WARN_BOOL_CONVERSION = YES;
				CLANG_WARN_COMMA = YES;
				CLANG_WARN_CONSTANT_CONVERSION = YES;
				CLANG_WARN_DEPRECATED_OBJC_IMPLEMENTATIONS = YES;
				CLANG_WARN_DIRECT_OBJC_ISA_USAGE = YES_ERROR;
				CLANG_WARN_DOCUMENTATION_COMMENTS = YES;
				CLANG_WARN_EMPTY_BODY = YES;
				CLANG_WARN_ENUM_CONVERSION = YES;
				CLANG_WARN_INFINITE_RECURSION = YES;
				CLANG_WARN_INT_CONVERSION = YES;
				CLANG_WARN_NON_LITERAL_NULL_CONVERSION = YES;
				CLANG_WARN_OBJC_IMPLICIT_RETAIN_SELF = YES;
				CLANG_WARN_OBJC_LITERAL_CONVERSION = YES;
				CLANG_WARN_OBJC_ROOT_CLASS = YES_ERROR;
				CLANG_WARN_RANGE_LOOP_ANALYSIS = YES;
				CLANG_WARN_STRICT_PROTOTYPES = YES;
				CLANG_WARN_SUSPICIOUS_MOVE = YES;
				CLANG_WARN_UNGUARDED_AVAILABILITY = YES_AGGRESSIVE;
				CLANG_WARN_UNREACHABLE_CODE = YES;
				CLANG_WARN__DUPLICATE_METHOD_MATCH = YES;
				CODE_SIGN_STYLE = Automatic;
				DEBUG_INFORMATION_FORMAT = dwarf;
				DEVELOPMENT_TEAM = AGV53XD2D4;
				ENABLE_STRICT_OBJC_MSGSEND = YES;
				GCC_C_LANGUAGE_STANDARD = gnu11;
				GCC_NO_COMMON_BLOCKS = YES;
				GCC_WARN_64_TO_32_BIT_CONVERSION = YES;
				GCC_WARN_ABOUT_RETURN_TYPE = YES_ERROR;
				GCC_WARN_UNDECLARED_SELECTOR = YES;
				GCC_WARN_UNINITIALIZED_AUTOS = YES_AGGRESSIVE;
				GCC_WARN_UNUSED_FUNCTION = YES;
				INFOPLIST_FILE = iMusicTests/Info.plist;
				IPHONEOS_DEPLOYMENT_TARGET = 9.0;
				LD_RUNPATH_SEARCH_PATHS = "$(inherited) @executable_path/Frameworks @loader_path/Frameworks";
				MTL_ENABLE_DEBUG_INFO = INCLUDE_SOURCE;
				MTL_FAST_MATH = YES;
				ONLY_ACTIVE_ARCH = YES;
				PRODUCT_BUNDLE_IDENTIFIER = "com.ra-develop.iMusicTests";
				PRODUCT_NAME = "$(TARGET_NAME)";
				TARGETED_DEVICE_FAMILY = "1,2";
				TEST_HOST = "$(BUILT_PRODUCTS_DIR)/iMusic.app/iMusic";
			};
			name = Debug;
		};
		117D4436241E7F4400A49F65 /* Release */ = {
			isa = XCBuildConfiguration;
			buildSettings = {
				BUNDLE_LOADER = "$(TEST_HOST)";
				CLANG_ANALYZER_NONNULL = YES;
				CLANG_ANALYZER_NUMBER_OBJECT_CONVERSION = YES_AGGRESSIVE;
				CLANG_CXX_LANGUAGE_STANDARD = "gnu++14";
				CLANG_CXX_LIBRARY = "libc++";
				CLANG_ENABLE_MODULES = YES;
				CLANG_ENABLE_OBJC_WEAK = YES;
				CLANG_WARN_BLOCK_CAPTURE_AUTORELEASING = YES;
				CLANG_WARN_BOOL_CONVERSION = YES;
				CLANG_WARN_COMMA = YES;
				CLANG_WARN_CONSTANT_CONVERSION = YES;
				CLANG_WARN_DEPRECATED_OBJC_IMPLEMENTATIONS = YES;
				CLANG_WARN_DIRECT_OBJC_ISA_USAGE = YES_ERROR;
				CLANG_WARN_DOCUMENTATION_COMMENTS = YES;
				CLANG_WARN_EMPTY_BODY = YES;
				CLANG_WARN_ENUM_CONVERSION = YES;
				CLANG_WARN_INFINITE_RECURSION = YES;
				CLANG_WARN_INT_CONVERSION = YES;
				CLANG_WARN_NON_LITERAL_NULL_CONVERSION = YES;
				CLANG_WARN_OBJC_IMPLICIT_RETAIN_SELF = YES;
				CLANG_WARN_OBJC_LITERAL_CONVERSION = YES;
				CLANG_WARN_OBJC_ROOT_CLASS = YES_ERROR;
				CLANG_WARN_RANGE_LOOP_ANALYSIS = YES;
				CLANG_WARN_STRICT_PROTOTYPES = YES;
				CLANG_WARN_SUSPICIOUS_MOVE = YES;
				CLANG_WARN_UNGUARDED_AVAILABILITY = YES_AGGRESSIVE;
				CLANG_WARN_UNREACHABLE_CODE = YES;
				CLANG_WARN__DUPLICATE_METHOD_MATCH = YES;
				CODE_SIGN_STYLE = Automatic;
				COPY_PHASE_STRIP = NO;
				DEBUG_INFORMATION_FORMAT = "dwarf-with-dsym";
				DEVELOPMENT_TEAM = AGV53XD2D4;
				ENABLE_NS_ASSERTIONS = NO;
				ENABLE_STRICT_OBJC_MSGSEND = YES;
				GCC_C_LANGUAGE_STANDARD = gnu11;
				GCC_NO_COMMON_BLOCKS = YES;
				GCC_WARN_64_TO_32_BIT_CONVERSION = YES;
				GCC_WARN_ABOUT_RETURN_TYPE = YES_ERROR;
				GCC_WARN_UNDECLARED_SELECTOR = YES;
				GCC_WARN_UNINITIALIZED_AUTOS = YES_AGGRESSIVE;
				GCC_WARN_UNUSED_FUNCTION = YES;
				INFOPLIST_FILE = iMusicTests/Info.plist;
				IPHONEOS_DEPLOYMENT_TARGET = 9.0;
				LD_RUNPATH_SEARCH_PATHS = "$(inherited) @executable_path/Frameworks @loader_path/Frameworks";
				MTL_ENABLE_DEBUG_INFO = NO;
				MTL_FAST_MATH = YES;
				PRODUCT_BUNDLE_IDENTIFIER = "com.ra-develop.iMusicTests";
				PRODUCT_NAME = "$(TARGET_NAME)";
				TARGETED_DEVICE_FAMILY = "1,2";
				TEST_HOST = "$(BUILT_PRODUCTS_DIR)/iMusic.app/iMusic";
			};
			name = Release;
		};
		F9A41A991565FDE4009B4863 /* Debug */ = {
			isa = XCBuildConfiguration;
			buildSettings = {
				ALWAYS_SEARCH_USER_PATHS = NO;
				ARCHS = "$(ARCHS_STANDARD)";
				CLANG_ENABLE_OBJC_ARC = YES;
				"CODE_SIGN_IDENTITY[sdk=iphoneos*]" = "iPhone Developer";
				COPY_PHASE_STRIP = NO;
				ENABLE_TESTABILITY = YES;
				GCC_C_LANGUAGE_STANDARD = gnu99;
				GCC_DYNAMIC_NO_PIC = NO;
				GCC_OPTIMIZATION_LEVEL = 0;
				GCC_PREPROCESSOR_DEFINITIONS = (
					"DEBUG=1",
					"$(inherited)",
				);
				GCC_SYMBOLS_PRIVATE_EXTERN = NO;
				GCC_VERSION = com.apple.compilers.llvm.clang.1_0;
				GCC_WARN_ABOUT_RETURN_TYPE = YES;
				GCC_WARN_UNINITIALIZED_AUTOS = YES;
				GCC_WARN_UNUSED_VARIABLE = YES;
				IPHONEOS_DEPLOYMENT_TARGET = 5.1;
				SDKROOT = iphoneos;
			};
			name = Debug;
		};
		F9A41A9A1565FDE4009B4863 /* Release */ = {
			isa = XCBuildConfiguration;
			buildSettings = {
				ALWAYS_SEARCH_USER_PATHS = NO;
				ARCHS = "$(ARCHS_STANDARD)";
				CLANG_ENABLE_OBJC_ARC = YES;
				"CODE_SIGN_IDENTITY[sdk=iphoneos*]" = "iPhone Developer";
				COPY_PHASE_STRIP = YES;
				GCC_C_LANGUAGE_STANDARD = gnu99;
				GCC_VERSION = com.apple.compilers.llvm.clang.1_0;
				GCC_WARN_ABOUT_RETURN_TYPE = YES;
				GCC_WARN_UNINITIALIZED_AUTOS = YES;
				GCC_WARN_UNUSED_VARIABLE = YES;
				IPHONEOS_DEPLOYMENT_TARGET = 5.1;
				OTHER_CFLAGS = "-DNS_BLOCK_ASSERTIONS=1";
				SDKROOT = iphoneos;
				VALIDATE_PRODUCT = YES;
			};
			name = Release;
		};
		F9A41A9C1565FDE4009B4863 /* Debug */ = {
			isa = XCBuildConfiguration;
			buildSettings = {
				GCC_PRECOMPILE_PREFIX_HEADER = YES;
				GCC_PREFIX_HEADER = "iMusic/iMusic-Prefix.pch";
				INFOPLIST_FILE = "iMusic/iMusic-Info.plist";
				IPHONEOS_DEPLOYMENT_TARGET = 9.0;
				PRODUCT_NAME = "$(TARGET_NAME)";
				WRAPPER_EXTENSION = app;
			};
			name = Debug;
		};
		F9A41A9D1565FDE4009B4863 /* Release */ = {
			isa = XCBuildConfiguration;
			buildSettings = {
				GCC_PRECOMPILE_PREFIX_HEADER = YES;
				GCC_PREFIX_HEADER = "iMusic/iMusic-Prefix.pch";
				INFOPLIST_FILE = "iMusic/iMusic-Info.plist";
				IPHONEOS_DEPLOYMENT_TARGET = 9.0;
				PRODUCT_NAME = "$(TARGET_NAME)";
				WRAPPER_EXTENSION = app;
			};
			name = Release;
		};
/* End XCBuildConfiguration section */

/* Begin XCConfigurationList section */
		117D4434241E7F4400A49F65 /* Build configuration list for PBXNativeTarget "iMusicTests" */ = {
			isa = XCConfigurationList;
			buildConfigurations = (
				117D4435241E7F4400A49F65 /* Debug */,
				117D4436241E7F4400A49F65 /* Release */,
			);
			defaultConfigurationIsVisible = 0;
			defaultConfigurationName = Release;
		};
		F9A41A681565FDE4009B4863 /* Build configuration list for PBXProject "iMusic" */ = {
			isa = XCConfigurationList;
			buildConfigurations = (
				F9A41A991565FDE4009B4863 /* Debug */,
				F9A41A9A1565FDE4009B4863 /* Release */,
			);
			defaultConfigurationIsVisible = 0;
			defaultConfigurationName = Release;
		};
		F9A41A9B1565FDE4009B4863 /* Build configuration list for PBXNativeTarget "iMusic" */ = {
			isa = XCConfigurationList;
			buildConfigurations = (
				F9A41A9C1565FDE4009B4863 /* Debug */,
				F9A41A9D1565FDE4009B4863 /* Release */,
			);
			defaultConfigurationIsVisible = 0;
			defaultConfigurationName = Release;
		};
/* End XCConfigurationList section */
	};
	rootObject = F9A41A651565FDE4009B4863 /* Project object */;
}
